
Microsoft Visual Studio Solution File, Format Version 12.00
# Visual Studio Version 17
VisualStudioVersion = 17.5.002.0
MinimumVisualStudioVersion = 10.0.40219.1
Project("{2150E333-8FDC-42A3-9474-1A3956D46DE8}") = "Assignment", "Assignment", "{33B5C467-E1BD-43A8-9BEA-A228BC1673F4}"
EndProject
Project("{2150E333-8FDC-42A3-9474-1A3956D46DE8}") = "Assignment1", "Assignment1", "{B765E274-D21F-4623-86C1-46702B092907}"
EndProject
Project("{9A19103F-16F7-4668-BE54-9A1E7A4F7556}") = "calculatebill", "Assignment\Assignment1\calculatebill\calculatebill.csproj", "{82306E57-E5EE-4506-AC7B-DBE8FA2B0503}"
EndProject
Global
	GlobalSection(SolutionConfigurationPlatforms) = preSolution
		Debug|Any CPU = Debug|Any CPU
		Release|Any CPU = Release|Any CPU
	EndGlobalSection
	GlobalSection(ProjectConfigurationPlatforms) = postSolution
		{82306E57-E5EE-4506-AC7B-DBE8FA2B0503}.Debug|Any CPU.ActiveCfg = Debug|Any CPU
		{82306E57-E5EE-4506-AC7B-DBE8FA2B0503}.Debug|Any CPU.Build.0 = Debug|Any CPU
		{82306E57-E5EE-4506-AC7B-DBE8FA2B0503}.Release|Any CPU.ActiveCfg = Release|Any CPU
		{82306E57-E5EE-4506-AC7B-DBE8FA2B0503}.Release|Any CPU.Build.0 = Release|Any CPU
	EndGlobalSection
	GlobalSection(SolutionProperties) = preSolution
		HideSolutionNode = FALSE
	EndGlobalSection
	GlobalSection(NestedProjects) = preSolution
		{B765E274-D21F-4623-86C1-46702B092907} = {33B5C467-E1BD-43A8-9BEA-A228BC1673F4}
		{82306E57-E5EE-4506-AC7B-DBE8FA2B0503} = {B765E274-D21F-4623-86C1-46702B092907}
	EndGlobalSection
	GlobalSection(ExtensibilityGlobals) = postSolution
		SolutionGuid = {C6C20487-F60F-4382-A1ED-73C60AE65449}
	EndGlobalSection
EndGlobal
